
Microsoft Visual Studio Solution File, Format Version 12.00
# Visual Studio Version 17
VisualStudioVersion = 17.7.34202.233
MinimumVisualStudioVersion = 10.0.40219.1
Project("{FAE04EC0-301F-11D3-BF4B-00C04F79EFBC}") = "LoginForm", "LoginForm\LoginForm.csproj", "{FB439150-D866-48AB-BDF0-F9D795454B3D}"
EndProject
Global
	GlobalSection(SolutionConfigurationPlatforms) = preSolution
		Debug|Any CPU = Debug|Any CPU
		Release|Any CPU = Release|Any CPU
	EndGlobalSection
	GlobalSection(ProjectConfigurationPlatforms) = postSolution
		{FB439150-D866-48AB-BDF0-F9D795454B3D}.Debug|Any CPU.ActiveCfg = Debug|Any CPU
		{FB439150-D866-48AB-BDF0-F9D795454B3D}.Debug|Any CPU.Build.0 = Debug|Any CPU
		{FB439150-D866-48AB-BDF0-F9D795454B3D}.Release|Any CPU.ActiveCfg = Release|Any CPU
		{FB439150-D866-48AB-BDF0-F9D795454B3D}.Release|Any CPU.Build.0 = Release|Any CPU
	EndGlobalSection
	GlobalSection(SolutionProperties) = preSolution
		HideSolutionNode = FALSE
	EndGlobalSection
	GlobalSection(ExtensibilityGlobals) = postSolution
		SolutionGuid = {45F25BA8-27FE-47F3-A75C-F8A768DB7581}
	EndGlobalSection
EndGlobal
